
Microsoft Visual Studio Solution File, Format Version 12.00
# Visual Studio 15
VisualStudioVersion = 15.0.27428.2043
MinimumVisualStudioVersion = 10.0.40219.1
Project("{2150E333-8FDC-42A3-9474-1A3956D46DE8}") = "Solution Items", "Solution Items", "{48EE7991-A24D-4512-BB48-E947A57E02EA}"
	ProjectSection(SolutionItems) = preProject
		appveyor.yml = appveyor.yml
		README.md = README.md
	EndProjectSection
EndProject
Project("{FAE04EC0-301F-11D3-BF4B-00C04F79EFBC}") = "linq2db.LINQPad", "Source\linq2db.LINQPad.csproj", "{73352DC5-D33E-4BE6-A787-6F91107B3D7C}"
EndProject
Global
	GlobalSection(SolutionConfigurationPlatforms) = preSolution
		Debug|Any CPU = Debug|Any CPU
		Release|Any CPU = Release|Any CPU
	EndGlobalSection
	GlobalSection(ProjectConfigurationPlatforms) = postSolution
		{73352DC5-D33E-4BE6-A787-6F91107B3D7C}.Debug|Any CPU.ActiveCfg = Debug|Any CPU
		{73352DC5-D33E-4BE6-A787-6F91107B3D7C}.Debug|Any CPU.Build.0 = Debug|Any CPU
		{73352DC5-D33E-4BE6-A787-6F91107B3D7C}.Release|Any CPU.ActiveCfg = Release|Any CPU
		{73352DC5-D33E-4BE6-A787-6F91107B3D7C}.Release|Any CPU.Build.0 = Release|Any CPU
	EndGlobalSection
	GlobalSection(SolutionProperties) = preSolution
		HideSolutionNode = FALSE
	EndGlobalSection
	GlobalSection(NestedProjects) = preSolution
		{73352DC5-D33E-4BE6-A787-6F91107B3D7C} = {48EE7991-A24D-4512-BB48-E947A57E02EA}
	EndGlobalSection
	GlobalSection(ExtensibilityGlobals) = postSolution
		SolutionGuid = {17946F59-D105-4BD7-8C31-5B14CB8A4FE2}
	EndGlobalSection
EndGlobal
